github.com/azer/is-terminal v1.0.0 h1:COvj8jmg2xMz0CqHn4Uu8X1m7Dmzmu0CpciBaLtJQBg=
github.com/azer/is-terminal v1.0.0/go.mod h1:5geuIpRQvdv6g/Q1MwXHbmNUlFLg8QcheGk4dZOmxQU=
github.com/azer/logger v1.0.0 h1:3T4BnTLyndJWHajOyECt2kAhnvP30KCrVAkYcMjHrXk=
github.com/azer/logger v1.0.0/go.mod h1:iaDID7UeBTyUh31bjGFlLkr87k23z/mHMMLzt6YQQHU=
github.com/azer/yolo v0.0.0-20200421082124-9f74cacbc50c h1:x4m/FfaAsQqLZxKNzpSVaVPP79g91yg1cbRpc0aK4Yo=
github.com/azer/yolo v0.0.0-20200421082124-9f74cacbc50c/go.mod h1:STi2LrClOuieEG7rszDymhqSV0pEVo2Aaf8+jwIAF2g=
github.com/fsnotify/fsnotify v1.6.0 h1:n+5WquG0fcWoWp6xPWfHdbskMCQaFnG6PfBrh1Ky4HY=
github.com/fsnotify/fsnotify v1.6.0/go.mod h1:sl3t1tCWJFWoRz9R8WJCbQihKKwmorjAbSClcnxKAGw=
github.com/gorilla/websocket v1.5.0 h1:PPwGk2jz7EePpoHN/+ClbZu8SPxiqlu12wZP/3sWmnc=
github.com/gorilla/websocket v1.5.0/go.mod h1:YR8l580nyteQvAITg2hZ9XVh4b55+EU/adAjf1fMHhE=
golang.org/x/sys v0.0.0-20220908164124-27713097b956 h1:XeJjHH1KiLpKGb6lvMiksZ9l0fVUh+AmGcm0nOMEBOY=
golang.org/x/sys v0.0.0-20220908164124-27713097b956/go.mod h1:oPkhp1MJrh7nUepCBck5+mAzfO9JrbApNNgaTdGDITg=
